
Microsoft Visual Studio Solution File, Format Version 12.00
# Visual Studio Version 17
VisualStudioVersion = 17.9.34728.123
MinimumVisualStudioVersion = 10.0.40219.1
Project("{FAE04EC0-301F-11D3-BF4B-00C04F79EFBC}") = "DataAccessObjects", "DataAcess\DataAccessObjects.csproj", "{A42BF10E-9D49-4EB8-9A6E-0F17C937F000}"
EndProject
Project("{FAE04EC0-301F-11D3-BF4B-00C04F79EFBC}") = "BusinessObjects", "BusinessObject\BusinessObjects.csproj", "{3CC64FB0-682A-4184-91E1-046E0795936D}"
EndProject
Project("{FAE04EC0-301F-11D3-BF4B-00C04F79EFBC}") = "LaiNguyenMinhQuanWPF", "LaiNguyenMinhQuanWPF\LaiNguyenMinhQuanWPF.csproj", "{6A725930-7747-4F55-8EAA-2B2593411381}"
EndProject
Project("{FAE04EC0-301F-11D3-BF4B-00C04F79EFBC}") = "Repositories", "Repositories\Repositories.csproj", "{728C0EC9-3289-4EAE-8D68-99A05773F829}"
EndProject
Global
	GlobalSection(SolutionConfigurationPlatforms) = preSolution
		Debug|Any CPU = Debug|Any CPU
		Release|Any CPU = Release|Any CPU
	EndGlobalSection
	GlobalSection(ProjectConfigurationPlatforms) = postSolution
		{A42BF10E-9D49-4EB8-9A6E-0F17C937F000}.Debug|Any CPU.ActiveCfg = Debug|Any CPU
		{A42BF10E-9D49-4EB8-9A6E-0F17C937F000}.Debug|Any CPU.Build.0 = Debug|Any CPU
		{A42BF10E-9D49-4EB8-9A6E-0F17C937F000}.Release|Any CPU.ActiveCfg = Release|Any CPU
		{A42BF10E-9D49-4EB8-9A6E-0F17C937F000}.Release|Any CPU.Build.0 = Release|Any CPU
		{3CC64FB0-682A-4184-91E1-046E0795936D}.Debug|Any CPU.ActiveCfg = Debug|Any CPU
		{3CC64FB0-682A-4184-91E1-046E0795936D}.Debug|Any CPU.Build.0 = Debug|Any CPU
		{3CC64FB0-682A-4184-91E1-046E0795936D}.Release|Any CPU.ActiveCfg = Release|Any CPU
		{3CC64FB0-682A-4184-91E1-046E0795936D}.Release|Any CPU.Build.0 = Release|Any CPU
		{6A725930-7747-4F55-8EAA-2B2593411381}.Debug|Any CPU.ActiveCfg = Debug|Any CPU
		{6A725930-7747-4F55-8EAA-2B2593411381}.Debug|Any CPU.Build.0 = Debug|Any CPU
		{6A725930-7747-4F55-8EAA-2B2593411381}.Release|Any CPU.ActiveCfg = Release|Any CPU
		{6A725930-7747-4F55-8EAA-2B2593411381}.Release|Any CPU.Build.0 = Release|Any CPU
		{728C0EC9-3289-4EAE-8D68-99A05773F829}.Debug|Any CPU.ActiveCfg = Debug|Any CPU
		{728C0EC9-3289-4EAE-8D68-99A05773F829}.Debug|Any CPU.Build.0 = Debug|Any CPU
		{728C0EC9-3289-4EAE-8D68-99A05773F829}.Release|Any CPU.ActiveCfg = Release|Any CPU
		{728C0EC9-3289-4EAE-8D68-99A05773F829}.Release|Any CPU.Build.0 = Release|Any CPU
	EndGlobalSection
	GlobalSection(SolutionProperties) = preSolution
		HideSolutionNode = FALSE
	EndGlobalSection
	GlobalSection(ExtensibilityGlobals) = postSolution
		SolutionGuid = {CBFE1AD6-BCA8-40F4-B78B-2E21ECAB56D6}
	EndGlobalSection
EndGlobal
